{
  "requires": true,
  "lockfileVersion": 1,
  "dependencies": {
    "@types/jquery": {
      "version": "3.5.5",
      "dev": true,
      "requires": {
        "@types/sizzle": "*"
      }
    },
    "@types/sizzle": {
      "version": "2.3.2",
      "resolved": "https://registry.npmjs.org/@types/sizzle/-/sizzle-2.3.2.tgz",
      "integrity": "sha512-7EJYyKTL7tFR8+gDbB6Wwz/arpGa0Mywk1TJbNzKzHtzbwVmY4HR9WqS5VV7dsBUKQmPNr192jHr/VpBluj/hg==",
      "dev": true
    },
    "nestjs-mongoose-quick-crud": {
      "version": "1.0.0",
      "resolved": "https://registry.npmjs.org/nestjs-mongoose-quick-crud/-/nestjs-mongoose-quick-crud-1.0.0.tgz",
      "integrity": "sha512-RllP0VD+Q7Sc3Z+AIZPMTJRaCQ3JrZe4F4Vs3HPvK+n5OuLvwE6Zf7tpwCYsADdOvZXWoYakUOh8+ZwaNF6WFw=="
    }
  }
}
